dependencies:
- name: redis
  repository: https://charts.bitnami.com/bitnami
  version: 12.7.3
- name: vernemq
  repository: https://vernemq.github.io/docker-vernemq
  version: 1.6.7
- name: grafana
  repository: https://grafana.github.io/helm-charts
  version: 6.13.5
- name: timescaledb-single
  repository: https://raw.githubusercontent.com/timescale/timescaledb-kubernetes/master/charts/repo/
  version: 0.9.0
- name: minio-operator
  repository: https://operator.min.io/
  version: 4.1.7
digest: sha256:6ce0bd7a3005387b071e154f2e224a8f9a1f3dc2b7740ad21da9032036c22a05
generated: "2021-09-01T20:20:16.940747162+02:00"
