dependencies:
- name: redis
  repository: https://charts.bitnami.com/bitnami
  version: 17.9.0
- name: grafana
  repository: https://grafana.github.io/helm-charts
  version: 6.52.4
- name: timescaledb-single
  repository: https://charts.timescale.com/
  version: 0.26.9
- name: redpanda
  repository: https://charts.redpanda.com/
  version: 3.0.9
digest: sha256:7ddfac2da3945da08949513ecf14f5daf430b6f6f3b1863cd59493fa9c7ae3a1
generated: "2023-04-11T17:14:14.5949821+02:00"
