dependencies:
- name: redis
  repository: https://charts.bitnami.com/bitnami
  version: 17.1.7
- name: grafana
  repository: https://grafana.github.io/helm-charts
  version: 6.21.1
- name: timescaledb-single
  repository: https://charts.timescale.com/
  version: 0.10.0
- name: operator
  repository: https://operator.min.io/
  version: 4.4.17
- name: tenant
  repository: https://operator.min.io/
  version: 4.4.17
- name: kafka
  repository: https://charts.bitnami.com/bitnami
  version: 15.0.1
- name: kowl
  repository: https://raw.githubusercontent.com/cloudhut/charts/master/archives
  version: 2.3.0
digest: sha256:821032d159de1221dca0e8232895ccaad29647ec9910af43cf4d434bb0cd41db
generated: "2022-11-25T10:14:49.9213419+01:00"
