dependencies:
- name: redis
  repository: https://charts.bitnami.com/bitnami
  version: 12.7.3
- name: vernemq
  repository: https://vernemq.github.io/docker-vernemq
  version: 1.6.7
- name: grafana
  repository: https://grafana.github.io/helm-charts
  version: 6.13.5
- name: timescaledb-single
  repository: https://raw.githubusercontent.com/timescale/timescaledb-kubernetes/master/charts/repo/
  version: 0.10.0
- name: minio-operator
  repository: https://operator.min.io/
  version: 4.1.7
- name: kafka
  repository: https://charts.bitnami.com/bitnami
  version: 14.4.1
- name: kowl
  repository: https://raw.githubusercontent.com/cloudhut/charts/master/archives
  version: 2.3.0
digest: sha256:18688c4de713d15dd485fbf9b2cbd03398610907f58fc090eb4406acfd6cf4af
generated: "2022-02-11T10:49:06.673419+01:00"
